
Microsoft Visual Studio Solution File, Format Version 12.00
# Visual Studio Version 17
VisualStudioVersion = 17.9.34723.18
MinimumVisualStudioVersion = 10.0.40219.1
Project("{9A19103F-16F7-4668-BE54-9A1E7A4F7556}") = "001_Dispose", "001_Dispose\001_Dispose.csproj", "{0B0A7B7E-32A6-4EE7-9338-4E0D6D22FDB6}"
EndProject
Project("{9A19103F-16F7-4668-BE54-9A1E7A4F7556}") = "002_NoDisposeTest", "002_NoDisposeTest\002_NoDisposeTest.csproj", "{3A5AD81E-432D-4490-9DB0-5A37C49A050D}"
EndProject
Project("{9A19103F-16F7-4668-BE54-9A1E7A4F7556}") = "004_InheritanceFinalizer", "004_InheritanceFinalizer\004_InheritanceFinalizer.csproj", "{58F091DC-D91B-4289-B297-08F3EAD0D5C3}"
EndProject
Project("{9A19103F-16F7-4668-BE54-9A1E7A4F7556}") = "100_LC703", "100_LC703\100_LC703.csproj", "{262FABF4-F344-40BD-8C31-F2E6EC87010A}"
EndProject
Project("{9A19103F-16F7-4668-BE54-9A1E7A4F7556}") = "101_LC295", "101_LC295\101_LC295.csproj", "{98694BC9-CA7E-4B7F-BF14-AF19B4319DDD}"
EndProject
Project("{9A19103F-16F7-4668-BE54-9A1E7A4F7556}") = "102_LC219", "102_LC219\102_LC219.csproj", "{9E521E14-8A48-4D4D-AA38-D2DCCA299243}"
EndProject
Project("{9A19103F-16F7-4668-BE54-9A1E7A4F7556}") = "103_LC84", "103_LC84\103_LC84.csproj", "{50A2C92A-EBF7-4C2D-BBFC-8630D7C5BC1E}"
EndProject
Project("{9A19103F-16F7-4668-BE54-9A1E7A4F7556}") = "104_LC220", "104_LC220\104_LC220.csproj", "{23B92EA6-F588-42C2-9CD5-FD87276441F8}"
EndProject
Project("{9A19103F-16F7-4668-BE54-9A1E7A4F7556}") = "105_LC1590", "105_LC1590\105_LC1590.csproj", "{C2A05540-4786-4A4E-A0D2-D551801672D7}"
EndProject
Project("{9A19103F-16F7-4668-BE54-9A1E7A4F7556}") = "106_CelScratch", "106_CelScratch\106_CelScratch.csproj", "{B123F405-36E2-4F3B-A5DC-783ED66AE9A9}"
EndProject
Project("{9A19103F-16F7-4668-BE54-9A1E7A4F7556}") = "107_LC2696", "107_LC2696\107_LC2696.csproj", "{326AC641-AB73-45D7-AFD4-00C113B91DF6}"
EndProject
Project("{9A19103F-16F7-4668-BE54-9A1E7A4F7556}") = "108_LC1813", "108_LC1813\108_LC1813.csproj", "{F2D44E13-3DC6-465E-9E86-F02880372EA3}"
EndProject
Project("{9A19103F-16F7-4668-BE54-9A1E7A4F7556}") = "109_LC901", "109_LC901\109_LC901.csproj", "{C443657C-4639-41B1-8E8B-8A54A7447392}"
EndProject
Project("{FAE04EC0-301F-11D3-BF4B-00C04F79EFBC}") = "051_ConnService", "051_ConnService\051_ConnService\051_ConnService.csproj", "{D2302E81-986C-4C53-9C53-54EEC0E7D00B}"
EndProject
Project("{FAE04EC0-301F-11D3-BF4B-00C04F79EFBC}") = "051_ConnService.Client", "051_ConnService\051_ConnService.Client\051_ConnService.Client.csproj", "{7AD2F9D2-1FA8-4212-8E55-2F8501AFDDE2}"
EndProject
Global
	GlobalSection(SolutionConfigurationPlatforms) = preSolution
		Debug|Any CPU = Debug|Any CPU
		Release|Any CPU = Release|Any CPU
	EndGlobalSection
	GlobalSection(ProjectConfigurationPlatforms) = postSolution
		{0B0A7B7E-32A6-4EE7-9338-4E0D6D22FDB6}.Debug|Any CPU.ActiveCfg = Debug|Any CPU
		{0B0A7B7E-32A6-4EE7-9338-4E0D6D22FDB6}.Debug|Any CPU.Build.0 = Debug|Any CPU
		{0B0A7B7E-32A6-4EE7-9338-4E0D6D22FDB6}.Release|Any CPU.ActiveCfg = Release|Any CPU
		{0B0A7B7E-32A6-4EE7-9338-4E0D6D22FDB6}.Release|Any CPU.Build.0 = Release|Any CPU
		{3A5AD81E-432D-4490-9DB0-5A37C49A050D}.Debug|Any CPU.ActiveCfg = Debug|Any CPU
		{3A5AD81E-432D-4490-9DB0-5A37C49A050D}.Debug|Any CPU.Build.0 = Debug|Any CPU
		{3A5AD81E-432D-4490-9DB0-5A37C49A050D}.Release|Any CPU.ActiveCfg = Release|Any CPU
		{3A5AD81E-432D-4490-9DB0-5A37C49A050D}.Release|Any CPU.Build.0 = Release|Any CPU
		{58F091DC-D91B-4289-B297-08F3EAD0D5C3}.Debug|Any CPU.ActiveCfg = Debug|Any CPU
		{58F091DC-D91B-4289-B297-08F3EAD0D5C3}.Debug|Any CPU.Build.0 = Debug|Any CPU
		{58F091DC-D91B-4289-B297-08F3EAD0D5C3}.Release|Any CPU.ActiveCfg = Release|Any CPU
		{58F091DC-D91B-4289-B297-08F3EAD0D5C3}.Release|Any CPU.Build.0 = Release|Any CPU
		{262FABF4-F344-40BD-8C31-F2E6EC87010A}.Debug|Any CPU.ActiveCfg = Debug|Any CPU
		{262FABF4-F344-40BD-8C31-F2E6EC87010A}.Debug|Any CPU.Build.0 = Debug|Any CPU
		{262FABF4-F344-40BD-8C31-F2E6EC87010A}.Release|Any CPU.ActiveCfg = Release|Any CPU
		{262FABF4-F344-40BD-8C31-F2E6EC87010A}.Release|Any CPU.Build.0 = Release|Any CPU
		{98694BC9-CA7E-4B7F-BF14-AF19B4319DDD}.Debug|Any CPU.ActiveCfg = Debug|Any CPU
		{98694BC9-CA7E-4B7F-BF14-AF19B4319DDD}.Debug|Any CPU.Build.0 = Debug|Any CPU
		{98694BC9-CA7E-4B7F-BF14-AF19B4319DDD}.Release|Any CPU.ActiveCfg = Release|Any CPU
		{98694BC9-CA7E-4B7F-BF14-AF19B4319DDD}.Release|Any CPU.Build.0 = Release|Any CPU
		{9E521E14-8A48-4D4D-AA38-D2DCCA299243}.Debug|Any CPU.ActiveCfg = Debug|Any CPU
		{9E521E14-8A48-4D4D-AA38-D2DCCA299243}.Debug|Any CPU.Build.0 = Debug|Any CPU
		{9E521E14-8A48-4D4D-AA38-D2DCCA299243}.Release|Any CPU.ActiveCfg = Release|Any CPU
		{9E521E14-8A48-4D4D-AA38-D2DCCA299243}.Release|Any CPU.Build.0 = Release|Any CPU
		{50A2C92A-EBF7-4C2D-BBFC-8630D7C5BC1E}.Debug|Any CPU.ActiveCfg = Debug|Any CPU
		{50A2C92A-EBF7-4C2D-BBFC-8630D7C5BC1E}.Debug|Any CPU.Build.0 = Debug|Any CPU
		{50A2C92A-EBF7-4C2D-BBFC-8630D7C5BC1E}.Release|Any CPU.ActiveCfg = Release|Any CPU
		{50A2C92A-EBF7-4C2D-BBFC-8630D7C5BC1E}.Release|Any CPU.Build.0 = Release|Any CPU
		{23B92EA6-F588-42C2-9CD5-FD87276441F8}.Debug|Any CPU.ActiveCfg = Debug|Any CPU
		{23B92EA6-F588-42C2-9CD5-FD87276441F8}.Debug|Any CPU.Build.0 = Debug|Any CPU
		{23B92EA6-F588-42C2-9CD5-FD87276441F8}.Release|Any CPU.ActiveCfg = Release|Any CPU
		{23B92EA6-F588-42C2-9CD5-FD87276441F8}.Release|Any CPU.Build.0 = Release|Any CPU
		{C2A05540-4786-4A4E-A0D2-D551801672D7}.Debug|Any CPU.ActiveCfg = Debug|Any CPU
		{C2A05540-4786-4A4E-A0D2-D551801672D7}.Debug|Any CPU.Build.0 = Debug|Any CPU
		{C2A05540-4786-4A4E-A0D2-D551801672D7}.Release|Any CPU.ActiveCfg = Release|Any CPU
		{C2A05540-4786-4A4E-A0D2-D551801672D7}.Release|Any CPU.Build.0 = Release|Any CPU
		{B123F405-36E2-4F3B-A5DC-783ED66AE9A9}.Debug|Any CPU.ActiveCfg = Debug|Any CPU
		{B123F405-36E2-4F3B-A5DC-783ED66AE9A9}.Debug|Any CPU.Build.0 = Debug|Any CPU
		{B123F405-36E2-4F3B-A5DC-783ED66AE9A9}.Release|Any CPU.ActiveCfg = Release|Any CPU
		{B123F405-36E2-4F3B-A5DC-783ED66AE9A9}.Release|Any CPU.Build.0 = Release|Any CPU
		{326AC641-AB73-45D7-AFD4-00C113B91DF6}.Debug|Any CPU.ActiveCfg = Debug|Any CPU
		{326AC641-AB73-45D7-AFD4-00C113B91DF6}.Debug|Any CPU.Build.0 = Debug|Any CPU
		{326AC641-AB73-45D7-AFD4-00C113B91DF6}.Release|Any CPU.ActiveCfg = Release|Any CPU
		{326AC641-AB73-45D7-AFD4-00C113B91DF6}.Release|Any CPU.Build.0 = Release|Any CPU
		{F2D44E13-3DC6-465E-9E86-F02880372EA3}.Debug|Any CPU.ActiveCfg = Debug|Any CPU
		{F2D44E13-3DC6-465E-9E86-F02880372EA3}.Debug|Any CPU.Build.0 = Debug|Any CPU
		{F2D44E13-3DC6-465E-9E86-F02880372EA3}.Release|Any CPU.ActiveCfg = Release|Any CPU
		{F2D44E13-3DC6-465E-9E86-F02880372EA3}.Release|Any CPU.Build.0 = Release|Any CPU
		{C443657C-4639-41B1-8E8B-8A54A7447392}.Debug|Any CPU.ActiveCfg = Debug|Any CPU
		{C443657C-4639-41B1-8E8B-8A54A7447392}.Debug|Any CPU.Build.0 = Debug|Any CPU
		{C443657C-4639-41B1-8E8B-8A54A7447392}.Release|Any CPU.ActiveCfg = Release|Any CPU
		{C443657C-4639-41B1-8E8B-8A54A7447392}.Release|Any CPU.Build.0 = Release|Any CPU
		{D2302E81-986C-4C53-9C53-54EEC0E7D00B}.Debug|Any CPU.ActiveCfg = Debug|Any CPU
		{D2302E81-986C-4C53-9C53-54EEC0E7D00B}.Debug|Any CPU.Build.0 = Debug|Any CPU
		{D2302E81-986C-4C53-9C53-54EEC0E7D00B}.Release|Any CPU.ActiveCfg = Release|Any CPU
		{D2302E81-986C-4C53-9C53-54EEC0E7D00B}.Release|Any CPU.Build.0 = Release|Any CPU
		{7AD2F9D2-1FA8-4212-8E55-2F8501AFDDE2}.Debug|Any CPU.ActiveCfg = Debug|Any CPU
		{7AD2F9D2-1FA8-4212-8E55-2F8501AFDDE2}.Debug|Any CPU.Build.0 = Debug|Any CPU
		{7AD2F9D2-1FA8-4212-8E55-2F8501AFDDE2}.Release|Any CPU.ActiveCfg = Release|Any CPU
		{7AD2F9D2-1FA8-4212-8E55-2F8501AFDDE2}.Release|Any CPU.Build.0 = Release|Any CPU
	EndGlobalSection
	GlobalSection(SolutionProperties) = preSolution
		HideSolutionNode = FALSE
	EndGlobalSection
	GlobalSection(ExtensibilityGlobals) = postSolution
		SolutionGuid = {0E1A21FE-DFF3-4D80-AADD-803F8B508A31}
	EndGlobalSection
EndGlobal
